{
  "name": "FuAI",
  "lockfileVersion": 2,
  "requires": true,
  "packages": {
    "": {
      "dependencies": {
        "@alicloud/mpserverless-sdk": "^3.1.4"
      }
    },
    "node_modules/@alicloud/mpserverless-sdk": {
      "version": "3.1.4",
      "resolved": "https://repo.huaweicloud.com/repository/npm/@alicloud/mpserverless-sdk/-/mpserverless-sdk-3.1.4.tgz",
      "integrity": "sha512-Gnj0GNPcKef0bAGw+1MgovwGcY4zStGY2Ye3Rka0rOyvZrZ44wRWhJPOmxtcjaGVjoOR5ghiLzQfCInXRRyrww==",
      "license": "MIT",
      "engines": {
        "node": ">=8.0.0"
      }
    }
  },
  "dependencies": {
    "@alicloud/mpserverless-sdk": {
      "version": "3.1.4",
      "resolved": "https://repo.huaweicloud.com/repository/npm/@alicloud/mpserverless-sdk/-/mpserverless-sdk-3.1.4.tgz",
      "integrity": "sha512-Gnj0GNPcKef0bAGw+1MgovwGcY4zStGY2Ye3Rka0rOyvZrZ44wRWhJPOmxtcjaGVjoOR5ghiLzQfCInXRRyrww=="
    }
  }
}
